// !$*UTF8*$!
{
	archiveVersion = 1;
	classes = {
	};
	objectVersion = 50;
	objects = {

/* Begin PBXBuildFile section */
		E2E03C60244A0D6E00E4D80F /* AppDelegate.swift in Sources */ = {isa = PBXBuildFile; fileRef = E2E03C5F244A0D6E00E4D80F /* AppDelegate.swift */; };
		E2E03C62244A0D6E00E4D80F /* SceneDelegate.swift in Sources */ = {isa = PBXBuildFile; fileRef = E2E03C61244A0D6E00E4D80F /* SceneDelegate.swift */; };
		E2E03C64244A0D6E00E4D80F /* ContentView.swift in Sources */ = {isa = PBXBuildFile; fileRef = E2E03C63244A0D6E00E4D80F /* ContentView.swift */; };
		E2E03C66244A0D7000E4D80F /* Assets.xcassets in Resources */ = {isa = PBXBuildFile; fileRef = E2E03C65244A0D7000E4D80F /* Assets.xcassets */; };
		E2E03C69244A0D7000E4D80F /* Preview Assets.xcassets in Resources */ = {isa = PBXBuildFile; fileRef = E2E03C68244A0D7000E4D80F /* Preview Assets.xcassets */; };
		E2E03C6C244A0D7000E4D80F /* LaunchScreen.storyboard in Resources */ = {isa = PBXBuildFile; fileRef = E2E03C6A244A0D7000E4D80F /* LaunchScreen.storyboard */; };
/* End PBXBuildFile section */

/* Begin PBXFileReference section */
		E2E03C5C244A0D6E00E4D80F /* WetherAppTest.app */ = {isa = PBXFileReference; explicitFileType = wrapper.application; includeInIndex = 0; path = WetherAppTest.app; sourceTree = BUILT_PRODUCTS_DIR; };
		E2E03C5F244A0D6E00E4D80F /* AppDelegate.swift */ = {isa = PBXFileReference; lastKnownFileType = sourcecode.swift; path = AppDelegate.swift; sourceTree = "<group>"; };
		E2E03C61244A0D6E00E4D80F /* SceneDelegate.swift */ = {isa = PBXFileReference; lastKnownFileType = sourcecode.swift; path = SceneDelegate.swift; sourceTree = "<group>"; };
		E2E03C63244A0D6E00E4D80F /* ContentView.swift */ = {isa = PBXFileReference; lastKnownFileType = sourcecode.swift; path = ContentView.swift; sourceTree = "<group>"; };
		E2E03C65244A0D7000E4D80F /* Assets.xcassets */ = {isa = PBXFileReference; lastKnownFileType = folder.assetcatalog; path = Assets.xcassets; sourceTree = "<group>"; };
		E2E03C68244A0D7000E4D80F /* Preview Assets.xcassets */ = {isa = PBXFileReference; lastKnownFileType = folder.assetcatalog; path = "Preview Assets.xcassets"; sourceTree = "<group>"; };
		E2E03C6B244A0D7000E4D80F /* Base */ = {isa = PBXFileReference; lastKnownFileType = file.storyboard; name = Base; path = Base.lproj/LaunchScreen.storyboard; sourceTree = "<group>"; };
		E2E03C6D244A0D7000E4D80F /* Info.plist */ = {isa = PBXFileReference; lastKnownFileType = text.plist.xml; path = Info.plist; sourceTree = "<group>"; };
/* End PBXFileReference section */

/* Begin PBXFrameworksBuildPhase section */
		E2E03C59244A0D6E00E4D80F /* Frameworks */ = {
			isa = PBXFrameworksBuildPhase;
			buildActionMask = 2147483647;
			files = (
			);
			runOnlyForDeploymentPostprocessing = 0;
		};
/* End PBXFrameworksBuildPhase section */

/* Begin PBXGroup section */
		E2E03C53244A0D6E00E4D80F = {
			isa = PBXGroup;
			children = (
				E2E03C5E244A0D6E00E4D80F /* WetherAppTest */,
				E2E03C5D244A0D6E00E4D80F /* Products */,
			);
			sourceTree = "<group>";
		};
		E2E03C5D244A0D6E00E4D80F /* Products */ = {
			isa = PBXGroup;
			children = (
				E2E03C5C244A0D6E00E4D80F /* WetherAppTest.app */,
			);
			name = Products;
			sourceTree = "<group>";
		};
		E2E03C5E244A0D6E00E4D80F /* WetherAppTest */ = {
			isa = PBXGroup;
			children = (
				E2E03C5F244A0D6E00E4D80F /* AppDelegate.swift */,
				E2E03C61244A0D6E00E4D80F /* SceneDelegate.swift */,
				E2E03C63244A0D6E00E4D80F /* ContentView.swift */,
				E2E03C65244A0D7000E4D80F /* Assets.xcassets */,
				E2E03C6A244A0D7000E4D80F /* LaunchScreen.storyboard */,
				E2E03C6D244A0D7000E4D80F /* Info.plist */,
				E2E03C67244A0D7000E4D80F /* Preview Content */,
			);
			path = WetherAppTest;
			sourceTree = "<group>";
		};
		E2E03C67244A0D7000E4D80F /* Preview Content */ = {
			isa = PBXGroup;
			children = (
				E2E03C68244A0D7000E4D80F /* Preview Assets.xcassets */,
			);
			path = "Preview Content";
			sourceTree = "<group>";
		};
/* End PBXGroup section */

/* Begin PBXNativeTarget section */
		E2E03C5B244A0D6E00E4D80F /* WetherAppTest */ = {
			isa = PBXNativeTarget;
			buildConfigurationList = E2E03C70244A0D7000E4D80F /* Build configuration list for PBXNativeTarget "WetherAppTest" */;
			buildPhases = (
				E2E03C58244A0D6E00E4D80F /* Sources */,
				E2E03C59244A0D6E00E4D80F /* Frameworks */,
				E2E03C5A244A0D6E00E4D80F /* Resources */,
			);
			buildRules = (
			);
			dependencies = (
			);
			name = WetherAppTest;
			productName = WetherAppTest;
			productReference = E2E03C5C244A0D6E00E4D80F /* WetherAppTest.app */;
			productType = "com.apple.product-type.application";
		};
/* End PBXNativeTarget section */

/* Begin PBXProject section */
		E2E03C54244A0D6E00E4D80F /* Project object */ = {
			isa = PBXProject;
			attributes = {
				LastSwiftUpdateCheck = 1140;
				LastUpgradeCheck = 1140;
				ORGANIZATIONNAME = IVDEV;
				TargetAttributes = {
					E2E03C5B244A0D6E00E4D80F = {
						CreatedOnToolsVersion = 11.4.1;
					};
				};
			};
			buildConfigurationList = E2E03C57244A0D6E00E4D80F /* Build configuration list for PBXProject "WetherAppTest" */;
			compatibilityVersion = "Xcode 9.3";
			developmentRegion = en;
			hasScannedForEncodings = 0;
			knownRegions = (
				en,
				Base,
			);
			mainGroup = E2E03C53244A0D6E00E4D80F;
			productRefGroup = E2E03C5D244A0D6E00E4D80F /* Products */;
			projectDirPath = "";
			projectRoot = "";
			targets = (
				E2E03C5B244A0D6E00E4D80F /* WetherAppTest */,
			);
		};
/* End PBXProject section */

/* Begin PBXResourcesBuildPhase section */
		E2E03C5A244A0D6E00E4D80F /* Resources */ = {
			isa = PBXResourcesBuildPhase;
			buildActionMask = 2147483647;
			files = (
				E2E03C6C244A0D7000E4D80F /* LaunchScreen.storyboard in Resources */,
				E2E03C69244A0D7000E4D80F /* Preview Assets.xcassets in Resources */,
				E2E03C66244A0D7000E4D80F /* Assets.xcassets in Resources */,
			);
			runOnlyForDeploymentPostprocessing = 0;
		};
/* End PBXResourcesBuildPhase section */

/* Begin PBXSourcesBuildPhase section */
		E2E03C58244A0D6E00E4D80F /* Sources */ = {
			isa = PBXSourcesBuildPhase;
			buildActionMask = 2147483647;
			files = (
				E2E03C60244A0D6E00E4D80F /* AppDelegate.swift in Sources */,
				E2E03C62244A0D6E00E4D80F /* SceneDelegate.swift in Sources */,
				E2E03C64244A0D6E00E4D80F /* ContentView.swift in Sources */,
			);
			runOnlyForDeploymentPostprocessing = 0;
		};
/* End PBXSourcesBuildPhase section */

/* Begin PBXVariantGroup section */
		E2E03C6A244A0D7000E4D80F /* LaunchScreen.storyboard */ = {
			isa = PBXVariantGroup;
			children = (
				E2E03C6B244A0D7000E4D80F /* Base */,
			);
			name = LaunchScreen.storyboard;
			sourceTree = "<group>";
		};
/* End PBXVariantGroup section */

/* Begin XCBuildConfiguration section */
		E2E03C6E244A0D7000E4D80F /* Debug */ = {
			isa = XCBuildConfiguration;
			buildSettings = {
				ALWAYS_SEARCH_USER_PATHS = NO;
				CLANG_ANALYZER_NONNULL = YES;
				CLANG_ANALYZER_NUMBER_OBJECT_CONVERSION = YES_AGGRESSIVE;
				CLANG_CXX_LANGUAGE_STANDARD = "gnu++14";
				CLANG_CXX_LIBRARY = "libc++";
				CLANG_ENABLE_MODULES = YES;
				CLANG_ENABLE_OBJC_ARC = YES;
				CLANG_ENABLE_OBJC_WEAK = YES;
				CLANG_WARN_BLOCK_CAPTURE_AUTORELEASING = YES;
				CLANG_WARN_BOOL_CONVERSION = YES;
				CLANG_WARN_COMMA = YES;
				CLANG_WARN_CONSTANT_CONVERSION = YES;
				CLANG_WARN_DEPRECATED_OBJC_IMPLEMENTATIONS = YES;
				CLANG_WARN_DIRECT_OBJC_ISA_USAGE = YES_ERROR;
				CLANG_WARN_DOCUMENTATION_COMMENTS = YES;
				CLANG_WARN_EMPTY_BODY = YES;
				CLANG_WARN_ENUM_CONVERSION = YES;
				CLANG_WARN_INFINITE_RECURSION = YES;
				CLANG_WARN_INT_CONVERSION = YES;
				CLANG_WARN_NON_LITERAL_NULL_CONVERSION = YES;
				CLANG_WARN_OBJC_IMPLICIT_RETAIN_SELF = YES;
				CLANG_WARN_OBJC_LITERAL_CONVERSION = YES;
				CLANG_WARN_OBJC_ROOT_CLASS = YES_ERROR;
				CLANG_WARN_RANGE_LOOP_ANALYSIS = YES;
				CLANG_WARN_STRICT_PROTOTYPES = YES;
				CLANG_WARN_SUSPICIOUS_MOVE = YES;
				CLANG_WARN_UNGUARDED_AVAILABILITY = YES_AGGRESSIVE;
				CLANG_WARN_UNREACHABLE_CODE = YES;
				CLANG_WARN__DUPLICATE_METHOD_MATCH = YES;
				COPY_PHASE_STRIP = NO;
				DEBUG_INFORMATION_FORMAT = dwarf;
				ENABLE_STRICT_OBJC_MSGSEND = YES;
				ENABLE_TESTABILITY = YES;
				GCC_C_LANGUAGE_STANDARD = gnu11;
				GCC_DYNAMIC_NO_PIC = NO;
				GCC_NO_COMMON_BLOCKS = YES;
				GCC_OPTIMIZATION_LEVEL = 0;
				GCC_PREPROCESSOR_DEFINITIONS = (
					"DEBUG=1",
					"$(inherited)",
				);
				GCC_WARN_64_TO_32_BIT_CONVERSION = YES;
				GCC_WARN_ABOUT_RETURN_TYPE = YES_ERROR;
				GCC_WARN_UNDECLARED_SELECTOR = YES;
				GCC_WARN_UNINITIALIZED_AUTOS = YES_AGGRESSIVE;
				GCC_WARN_UNUSED_FUNCTION = YES;
				GCC_WARN_UNUSED_VARIABLE = YES;
				IPHONEOS_DEPLOYMENT_TARGET = 13.4;
				MTL_ENABLE_DEBUG_INFO = INCLUDE_SOURCE;
				MTL_FAST_MATH = YES;
				ONLY_ACTIVE_ARCH = YES;
				SDKROOT = iphoneos;
				SWIFT_ACTIVE_COMPILATION_CONDITIONS = DEBUG;
				SWIFT_OPTIMIZATION_LEVEL = "-Onone";
			};
			name = Debug;
		};
		E2E03C6F244A0D7000E4D80F /* Release */ = {
			isa = XCBuildConfiguration;
			buildSettings = {
				ALWAYS_SEARCH_USER_PATHS = NO;
				CLANG_ANALYZER_NONNULL = YES;
				CLANG_ANALYZER_NUMBER_OBJECT_CONVERSION = YES_AGGRESSIVE;
				CLANG_CXX_LANGUAGE_STANDARD = "gnu++14";
				CLANG_CXX_LIBRARY = "libc++";
				CLANG_ENABLE_MODULES = YES;
				CLANG_ENABLE_OBJC_ARC = YES;
				CLANG_ENABLE_OBJC_WEAK = YES;
				CLANG_WARN_BLOCK_CAPTURE_AUTORELEASING = YES;
				CLANG_WARN_BOOL_CONVERSION = YES;
				CLANG_WARN_COMMA = YES;
				CLANG_WARN_CONSTANT_CONVERSION = YES;
				CLANG_WARN_DEPRECATED_OBJC_IMPLEMENTATIONS = YES;
				CLANG_WARN_DIRECT_OBJC_ISA_USAGE = YES_ERROR;
				CLANG_WARN_DOCUMENTATION_COMMENTS = YES;
				CLANG_WARN_EMPTY_BODY = YES;
				CLANG_WARN_ENUM_CONVERSION = YES;
				CLANG_WARN_INFINITE_RECURSION = YES;
				CLANG_WARN_INT_CONVERSION = YES;
				CLANG_WARN_NON_LITERAL_NULL_CONVERSION = YES;
				CLANG_WARN_OBJC_IMPLICIT_RETAIN_SELF = YES;
				CLANG_WARN_OBJC_LITERAL_CONVERSION = YES;
				CLANG_WARN_OBJC_ROOT_CLASS = YES_ERROR;
				CLANG_WARN_RANGE_LOOP_ANALYSIS = YES;
				CLANG_WARN_STRICT_PROTOTYPES = YES;
				CLANG_WARN_SUSPICIOUS_MOVE = YES;
				CLANG_WARN_UNGUARDED_AVAILABILITY = YES_AGGRESSIVE;
				CLANG_WARN_UNREACHABLE_CODE = YES;
				CLANG_WARN__DUPLICATE_METHOD_MATCH = YES;
				COPY_PHASE_STRIP = NO;
				DEBUG_INFORMATION_FORMAT = "dwarf-with-dsym";
				ENABLE_NS_ASSERTIONS = NO;
				ENABLE_STRICT_OBJC_MSGSEND = YES;
				GCC_C_LANGUAGE_STANDARD = gnu11;
				GCC_NO_COMMON_BLOCKS = YES;
				GCC_WARN_64_TO_32_BIT_CONVERSION = YES;
				GCC_WARN_ABOUT_RETURN_TYPE = YES_ERROR;
				GCC_WARN_UNDECLARED_SELECTOR = YES;
				GCC_WARN_UNINITIALIZED_AUTOS = YES_AGGRESSIVE;
				GCC_WARN_UNUSED_FUNCTION = YES;
				GCC_WARN_UNUSED_VARIABLE = YES;
				IPHONEOS_DEPLOYMENT_TARGET = 13.4;
				MTL_ENABLE_DEBUG_INFO = NO;
				MTL_FAST_MATH = YES;
				SDKROOT = iphoneos;
				SWIFT_COMPILATION_MODE = wholemodule;
				SWIFT_OPTIMIZATION_LEVEL = "-O";
				VALIDATE_PRODUCT = YES;
			};
			name = Release;
		};
		E2E03C71244A0D7000E4D80F /* Debug */ = {
			isa = XCBuildConfiguration;
			buildSettings = {
				ASSETCATALOG_COMPILER_APPICON_NAME = AppIcon;
				CODE_SIGN_STYLE = Automatic;
				DEVELOPMENT_ASSET_PATHS = "\"WetherAppTest/Preview Content\"";
				ENABLE_PREVIEWS = YES;
				INFOPLIST_FILE = WetherAppTest/Info.plist;
				LD_RUNPATH_SEARCH_PATHS = (
					"$(inherited)",
					"@executable_path/Frameworks",
				);
				PRODUCT_BUNDLE_IDENTIFIER = com.ivdev.WetherAppTest;
				PRODUCT_NAME = "$(TARGET_NAME)";
				SWIFT_VERSION = 5.0;
				TARGETED_DEVICE_FAMILY = "1,2";
			};
			name = Debug;
		};
		E2E03C72244A0D7000E4D80F /* Release */ = {
			isa = XCBuildConfiguration;
			buildSettings = {
				ASSETCATALOG_COMPILER_APPICON_NAME = AppIcon;
				CODE_SIGN_STYLE = Automatic;
				DEVELOPMENT_ASSET_PATHS = "\"WetherAppTest/Preview Content\"";
				ENABLE_PREVIEWS = YES;
				INFOPLIST_FILE = WetherAppTest/Info.plist;
				LD_RUNPATH_SEARCH_PATHS = (
					"$(inherited)",
					"@executable_path/Frameworks",
				);
				PRODUCT_BUNDLE_IDENTIFIER = com.ivdev.WetherAppTest;
				PRODUCT_NAME = "$(TARGET_NAME)";
				SWIFT_VERSION = 5.0;
				TARGETED_DEVICE_FAMILY = "1,2";
			};
			name = Release;
		};
/* End XCBuildConfiguration section */

/* Begin XCConfigurationList section */
		E2E03C57244A0D6E00E4D80F /* Build configuration list for PBXProject "WetherAppTest" */ = {
			isa = XCConfigurationList;
			buildConfigurations = (
				E2E03C6E244A0D7000E4D80F /* Debug */,
				E2E03C6F244A0D7000E4D80F /* Release */,
			);
			defaultConfigurationIsVisible = 0;
			defaultConfigurationName = Release;
		};
		E2E03C70244A0D7000E4D80F /* Build configuration list for PBXNativeTarget "WetherAppTest" */ = {
			isa = XCConfigurationList;
			buildConfigurations = (
				E2E03C71244A0D7000E4D80F /* Debug */,
				E2E03C72244A0D7000E4D80F /* Release */,
			);
			defaultConfigurationIsVisible = 0;
			defaultConfigurationName = Release;
		};
/* End XCConfigurationList section */
	};
	rootObject = E2E03C54244A0D6E00E4D80F /* Project object */;
}
